// !$*UTF8*$!
{
	archiveVersion = 1;
	classes = {
	};
	objectVersion = 50;
	objects = {

/* Begin PBXBuildFile section */
		A9C6E79021CE5FB00058F751 /* AppDelegate.swift in Sources */ = {isa = PBXBuildFile; fileRef = A9C6E78F21CE5FB00058F751 /* AppDelegate.swift */; };
		A9C6E79221CE5FB00058F751 /* GameScene.sks in Resources */ = {isa = PBXBuildFile; fileRef = A9C6E79121CE5FB00058F751 /* GameScene.sks */; };
		A9C6E79421CE5FB00058F751 /* Actions.sks in Resources */ = {isa = PBXBuildFile; fileRef = A9C6E79321CE5FB00058F751 /* Actions.sks */; };
		A9C6E79621CE5FB00058F751 /* GameScene.swift in Sources */ = {isa = PBXBuildFile; fileRef = A9C6E79521CE5FB00058F751 /* GameScene.swift */; };
		A9C6E79821CE5FB00058F751 /* GameViewController.swift in Sources */ = {isa = PBXBuildFile; fileRef = A9C6E79721CE5FB00058F751 /* GameViewController.swift */; };
		A9C6E79B21CE5FB00058F751 /* Main.storyboard in Resources */ = {isa = PBXBuildFile; fileRef = A9C6E79921CE5FB00058F751 /* Main.storyboard */; };
		A9C6E79D21CE5FB30058F751 /* Assets.xcassets in Resources */ = {isa = PBXBuildFile; fileRef = A9C6E79C21CE5FB30058F751 /* Assets.xcassets */; };
		A9C6E7A021CE5FB30058F751 /* LaunchScreen.storyboard in Resources */ = {isa = PBXBuildFile; fileRef = A9C6E79E21CE5FB30058F751 /* LaunchScreen.storyboard */; };
		A9C6E7AB21CE5FB30058F751 /* FlappyBird22Tests.swift in Sources */ = {isa = PBXBuildFile; fileRef = A9C6E7AA21CE5FB30058F751 /* FlappyBird22Tests.swift */; };
		A9C6E7B621CE5FB30058F751 /* FlappyBird22UITests.swift in Sources */ = {isa = PBXBuildFile; fileRef = A9C6E7B521CE5FB30058F751 /* FlappyBird22UITests.swift */; };
/* End PBXBuildFile section */

/* Begin PBXContainerItemProxy section */
		A9C6E7A721CE5FB30058F751 /* PBXContainerItemProxy */ = {
			isa = PBXContainerItemProxy;
			containerPortal = A9C6E78421CE5FB00058F751 /* Project object */;
			proxyType = 1;
			remoteGlobalIDString = A9C6E78B21CE5FB00058F751;
			remoteInfo = FlappyBird22;
		};
		A9C6E7B221CE5FB30058F751 /* PBXContainerItemProxy */ = {
			isa = PBXContainerItemProxy;
			containerPortal = A9C6E78421CE5FB00058F751 /* Project object */;
			proxyType = 1;
			remoteGlobalIDString = A9C6E78B21CE5FB00058F751;
			remoteInfo = FlappyBird22;
		};
/* End PBXContainerItemProxy section */

/* Begin PBXFileReference section */
		A9C6E78C21CE5FB00058F751 /* FlappyBird22.app */ = {isa = PBXFileReference; explicitFileType = wrapper.application; includeInIndex = 0; path = FlappyBird22.app; sourceTree = BUILT_PRODUCTS_DIR; };
		A9C6E78F21CE5FB00058F751 /* AppDelegate.swift */ = {isa = PBXFileReference; lastKnownFileType = sourcecode.swift; path = AppDelegate.swift; sourceTree = "<group>"; };
		A9C6E79121CE5FB00058F751 /* GameScene.sks */ = {isa = PBXFileReference; lastKnownFileType = file.sks; path = GameScene.sks; sourceTree = "<group>"; };
		A9C6E79321CE5FB00058F751 /* Actions.sks */ = {isa = PBXFileReference; lastKnownFileType = file.sks; path = Actions.sks; sourceTree = "<group>"; };
		A9C6E79521CE5FB00058F751 /* GameScene.swift */ = {isa = PBXFileReference; lastKnownFileType = sourcecode.swift; path = GameScene.swift; sourceTree = "<group>"; };
		A9C6E79721CE5FB00058F751 /* GameViewController.swift */ = {isa = PBXFileReference; lastKnownFileType = sourcecode.swift; path = GameViewController.swift; sourceTree = "<group>"; };
		A9C6E79A21CE5FB00058F751 /* Base */ = {isa = PBXFileReference; lastKnownFileType = file.storyboard; name = Base; path = Base.lproj/Main.storyboard; sourceTree = "<group>"; };
		A9C6E79C21CE5FB30058F751 /* Assets.xcassets */ = {isa = PBXFileReference; lastKnownFileType = folder.assetcatalog; path = Assets.xcassets; sourceTree = "<group>"; };
		A9C6E79F21CE5FB30058F751 /* Base */ = {isa = PBXFileReference; lastKnownFileType = file.storyboard; name = Base; path = Base.lproj/LaunchScreen.storyboard; sourceTree = "<group>"; };
		A9C6E7A121CE5FB30058F751 /* Info.plist */ = {isa = PBXFileReference; lastKnownFileType = text.plist.xml; path = Info.plist; sourceTree = "<group>"; };
		A9C6E7A621CE5FB30058F751 /* FlappyBird22Tests.xctest */ = {isa = PBXFileReference; explicitFileType = wrapper.cfbundle; includeInIndex = 0; path = FlappyBird22Tests.xctest; sourceTree = BUILT_PRODUCTS_DIR; };
		A9C6E7AA21CE5FB30058F751 /* FlappyBird22Tests.swift */ = {isa = PBXFileReference; lastKnownFileType = sourcecode.swift; path = FlappyBird22Tests.swift; sourceTree = "<group>"; };
		A9C6E7AC21CE5FB30058F751 /* Info.plist */ = {isa = PBXFileReference; lastKnownFileType = text.plist.xml; path = Info.plist; sourceTree = "<group>"; };
		A9C6E7B121CE5FB30058F751 /* FlappyBird22UITests.xctest */ = {isa = PBXFileReference; explicitFileType = wrapper.cfbundle; includeInIndex = 0; path = FlappyBird22UITests.xctest; sourceTree = BUILT_PRODUCTS_DIR; };
		A9C6E7B521CE5FB30058F751 /* FlappyBird22UITests.swift */ = {isa = PBXFileReference; lastKnownFileType = sourcecode.swift; path = FlappyBird22UITests.swift; sourceTree = "<group>"; };
		A9C6E7B721CE5FB30058F751 /* Info.plist */ = {isa = PBXFileReference; lastKnownFileType = text.plist.xml; path = Info.plist; sourceTree = "<group>"; };
/* End PBXFileReference section */

/* Begin PBXFrameworksBuildPhase section */
		A9C6E78921CE5FB00058F751 /* Frameworks */ = {
			isa = PBXFrameworksBuildPhase;
			buildActionMask = 2147483647;
			files = (
			);
			runOnlyForDeploymentPostprocessing = 0;
		};
		A9C6E7A321CE5FB30058F751 /* Frameworks */ = {
			isa = PBXFrameworksBuildPhase;
			buildActionMask = 2147483647;
			files = (
			);
			runOnlyForDeploymentPostprocessing = 0;
		};
		A9C6E7AE21CE5FB30058F751 /* Frameworks */ = {
			isa = PBXFrameworksBuildPhase;
			buildActionMask = 2147483647;
			files = (
			);
			runOnlyForDeploymentPostprocessing = 0;
		};
/* End PBXFrameworksBuildPhase section */

/* Begin PBXGroup section */
		A9C6E78321CE5FB00058F751 = {
			isa = PBXGroup;
			children = (
				A9C6E78E21CE5FB00058F751 /* FlappyBird22 */,
				A9C6E7A921CE5FB30058F751 /* FlappyBird22Tests */,
				A9C6E7B421CE5FB30058F751 /* FlappyBird22UITests */,
				A9C6E78D21CE5FB00058F751 /* Products */,
			);
			sourceTree = "<group>";
		};
		A9C6E78D21CE5FB00058F751 /* Products */ = {
			isa = PBXGroup;
			children = (
				A9C6E78C21CE5FB00058F751 /* FlappyBird22.app */,
				A9C6E7A621CE5FB30058F751 /* FlappyBird22Tests.xctest */,
				A9C6E7B121CE5FB30058F751 /* FlappyBird22UITests.xctest */,
			);
			name = Products;
			sourceTree = "<group>";
		};
		A9C6E78E21CE5FB00058F751 /* FlappyBird22 */ = {
			isa = PBXGroup;
			children = (
				A9C6E78F21CE5FB00058F751 /* AppDelegate.swift */,
				A9C6E79121CE5FB00058F751 /* GameScene.sks */,
				A9C6E79321CE5FB00058F751 /* Actions.sks */,
				A9C6E79521CE5FB00058F751 /* GameScene.swift */,
				A9C6E79721CE5FB00058F751 /* GameViewController.swift */,
				A9C6E79921CE5FB00058F751 /* Main.storyboard */,
				A9C6E79C21CE5FB30058F751 /* Assets.xcassets */,
				A9C6E79E21CE5FB30058F751 /* LaunchScreen.storyboard */,
				A9C6E7A121CE5FB30058F751 /* Info.plist */,
			);
			path = FlappyBird22;
			sourceTree = "<group>";
		};
		A9C6E7A921CE5FB30058F751 /* FlappyBird22Tests */ = {
			isa = PBXGroup;
			children = (
				A9C6E7AA21CE5FB30058F751 /* FlappyBird22Tests.swift */,
				A9C6E7AC21CE5FB30058F751 /* Info.plist */,
			);
			path = FlappyBird22Tests;
			sourceTree = "<group>";
		};
		A9C6E7B421CE5FB30058F751 /* FlappyBird22UITests */ = {
			isa = PBXGroup;
			children = (
				A9C6E7B521CE5FB30058F751 /* FlappyBird22UITests.swift */,
				A9C6E7B721CE5FB30058F751 /* Info.plist */,
			);
			path = FlappyBird22UITests;
			sourceTree = "<group>";
		};
/* End PBXGroup section */

/* Begin PBXNativeTarget section */
		A9C6E78B21CE5FB00058F751 /* FlappyBird22 */ = {
			isa = PBXNativeTarget;
			buildConfigurationList = A9C6E7BA21CE5FB30058F751 /* Build configuration list for PBXNativeTarget "FlappyBird22" */;
			buildPhases = (
				A9C6E78821CE5FB00058F751 /* Sources */,
				A9C6E78921CE5FB00058F751 /* Frameworks */,
				A9C6E78A21CE5FB00058F751 /* Resources */,
			);
			buildRules = (
			);
			dependencies = (
			);
			name = FlappyBird22;
			productName = FlappyBird22;
			productReference = A9C6E78C21CE5FB00058F751 /* FlappyBird22.app */;
			productType = "com.apple.product-type.application";
		};
		A9C6E7A521CE5FB30058F751 /* FlappyBird22Tests */ = {
			isa = PBXNativeTarget;
			buildConfigurationList = A9C6E7BD21CE5FB30058F751 /* Build configuration list for PBXNativeTarget "FlappyBird22Tests" */;
			buildPhases = (
				A9C6E7A221CE5FB30058F751 /* Sources */,
				A9C6E7A321CE5FB30058F751 /* Frameworks */,
				A9C6E7A421CE5FB30058F751 /* Resources */,
			);
			buildRules = (
			);
			dependencies = (
				A9C6E7A821CE5FB30058F751 /* PBXTargetDependency */,
			);
			name = FlappyBird22Tests;
			productName = FlappyBird22Tests;
			productReference = A9C6E7A621CE5FB30058F751 /* FlappyBird22Tests.xctest */;
			productType = "com.apple.product-type.bundle.unit-test";
		};
		A9C6E7B021CE5FB30058F751 /* FlappyBird22UITests */ = {
			isa = PBXNativeTarget;
			buildConfigurationList = A9C6E7C021CE5FB30058F751 /* Build configuration list for PBXNativeTarget "FlappyBird22UITests" */;
			buildPhases = (
				A9C6E7AD21CE5FB30058F751 /* Sources */,
				A9C6E7AE21CE5FB30058F751 /* Frameworks */,
				A9C6E7AF21CE5FB30058F751 /* Resources */,
			);
			buildRules = (
			);
			dependencies = (
				A9C6E7B321CE5FB30058F751 /* PBXTargetDependency */,
			);
			name = FlappyBird22UITests;
			productName = FlappyBird22UITests;
			productReference = A9C6E7B121CE5FB30058F751 /* FlappyBird22UITests.xctest */;
			productType = "com.apple.product-type.bundle.ui-testing";
		};
/* End PBXNativeTarget section */

/* Begin PBXProject section */
		A9C6E78421CE5FB00058F751 /* Project object */ = {
			isa = PBXProject;
			attributes = {
				LastSwiftUpdateCheck = 1010;
				LastUpgradeCheck = 1010;
				ORGANIZATIONNAME = "Wei Lin";
				TargetAttributes = {
					A9C6E78B21CE5FB00058F751 = {
						CreatedOnToolsVersion = 10.1;
					};
					A9C6E7A521CE5FB30058F751 = {
						CreatedOnToolsVersion = 10.1;
						TestTargetID = A9C6E78B21CE5FB00058F751;
					};
					A9C6E7B021CE5FB30058F751 = {
						CreatedOnToolsVersion = 10.1;
						TestTargetID = A9C6E78B21CE5FB00058F751;
					};
				};
			};
			buildConfigurationList = A9C6E78721CE5FB00058F751 /* Build configuration list for PBXProject "FlappyBird22" */;
			compatibilityVersion = "Xcode 9.3";
			developmentRegion = en;
			hasScannedForEncodings = 0;
			knownRegions = (
				en,
				Base,
			);
			mainGroup = A9C6E78321CE5FB00058F751;
			productRefGroup = A9C6E78D21CE5FB00058F751 /* Products */;
			projectDirPath = "";
			projectRoot = "";
			targets = (
				A9C6E78B21CE5FB00058F751 /* FlappyBird22 */,
				A9C6E7A521CE5FB30058F751 /* FlappyBird22Tests */,
				A9C6E7B021CE5FB30058F751 /* FlappyBird22UITests */,
			);
		};
/* End PBXProject section */

/* Begin PBXResourcesBuildPhase section */
		A9C6E78A21CE5FB00058F751 /* Resources */ = {
			isa = PBXResourcesBuildPhase;
			buildActionMask = 2147483647;
			files = (
				A9C6E79B21CE5FB00058F751 /* Main.storyboard in Resources */,
				A9C6E79221CE5FB00058F751 /* GameScene.sks in Resources */,
				A9C6E79D21CE5FB30058F751 /* Assets.xcassets in Resources */,
				A9C6E7A021CE5FB30058F751 /* LaunchScreen.storyboard in Resources */,
				A9C6E79421CE5FB00058F751 /* Actions.sks in Resources */,
			);
			runOnlyForDeploymentPostprocessing = 0;
		};
		A9C6E7A421CE5FB30058F751 /* Resources */ = {
			isa = PBXResourcesBuildPhase;
			buildActionMask = 2147483647;
			files = (
			);
			runOnlyForDeploymentPostprocessing = 0;
		};
		A9C6E7AF21CE5FB30058F751 /* Resources */ = {
			isa = PBXResourcesBuildPhase;
			buildActionMask = 2147483647;
			files = (
			);
			runOnlyForDeploymentPostprocessing = 0;
		};
/* End PBXResourcesBuildPhase section */

/* Begin PBXSourcesBuildPhase section */
		A9C6E78821CE5FB00058F751 /* Sources */ = {
			isa = PBXSourcesBuildPhase;
			buildActionMask = 2147483647;
			files = (
				A9C6E79621CE5FB00058F751 /* GameScene.swift in Sources */,
				A9C6E79821CE5FB00058F751 /* GameViewController.swift in Sources */,
				A9C6E79021CE5FB00058F751 /* AppDelegate.swift in Sources */,
			);
			runOnlyForDeploymentPostprocessing = 0;
		};
		A9C6E7A221CE5FB30058F751 /* Sources */ = {
			isa = PBXSourcesBuildPhase;
			buildActionMask = 2147483647;
			files = (
				A9C6E7AB21CE5FB30058F751 /* FlappyBird22Tests.swift in Sources */,
			);
			runOnlyForDeploymentPostprocessing = 0;
		};
		A9C6E7AD21CE5FB30058F751 /* Sources */ = {
			isa = PBXSourcesBuildPhase;
			buildActionMask = 2147483647;
			files = (
				A9C6E7B621CE5FB30058F751 /* FlappyBird22UITests.swift in Sources */,
			);
			runOnlyForDeploymentPostprocessing = 0;
		};
/* End PBXSourcesBuildPhase section */

/* Begin PBXTargetDependency section */
		A9C6E7A821CE5FB30058F751 /* PBXTargetDependency */ = {
			isa = PBXTargetDependency;
			target = A9C6E78B21CE5FB00058F751 /* FlappyBird22 */;
			targetProxy = A9C6E7A721CE5FB30058F751 /* PBXContainerItemProxy */;
		};
		A9C6E7B321CE5FB30058F751 /* PBXTargetDependency */ = {
			isa = PBXTargetDependency;
			target = A9C6E78B21CE5FB00058F751 /* FlappyBird22 */;
			targetProxy = A9C6E7B221CE5FB30058F751 /* PBXContainerItemProxy */;
		};
/* End PBXTargetDependency section */

/* Begin PBXVariantGroup section */
		A9C6E79921CE5FB00058F751 /* Main.storyboard */ = {
			isa = PBXVariantGroup;
			children = (
				A9C6E79A21CE5FB00058F751 /* Base */,
			);
			name = Main.storyboard;
			sourceTree = "<group>";
		};
		A9C6E79E21CE5FB30058F751 /* LaunchScreen.storyboard */ = {
			isa = PBXVariantGroup;
			children = (
				A9C6E79F21CE5FB30058F751 /* Base */,
			);
			name = LaunchScreen.storyboard;
			sourceTree = "<group>";
		};
/* End PBXVariantGroup section */

/* Begin XCBuildConfiguration section */
		A9C6E7B821CE5FB30058F751 /* Debug */ = {
			isa = XCBuildConfiguration;
			buildSettings = {
				ALWAYS_SEARCH_USER_PATHS = NO;
				CLANG_ANALYZER_NONNULL = YES;
				CLANG_ANALYZER_NUMBER_OBJECT_CONVERSION = YES_AGGRESSIVE;
				CLANG_CXX_LANGUAGE_STANDARD = "gnu++14";
				CLANG_CXX_LIBRARY = "libc++";
				CLANG_ENABLE_MODULES = YES;
				CLANG_ENABLE_OBJC_ARC = YES;
				CLANG_ENABLE_OBJC_WEAK = YES;
				CLANG_WARN_BLOCK_CAPTURE_AUTORELEASING = YES;
				CLANG_WARN_BOOL_CONVERSION = YES;
				CLANG_WARN_COMMA = YES;
				CLANG_WARN_CONSTANT_CONVERSION = YES;
				CLANG_WARN_DEPRECATED_OBJC_IMPLEMENTATIONS = YES;
				CLANG_WARN_DIRECT_OBJC_ISA_USAGE = YES_ERROR;
				CLANG_WARN_DOCUMENTATION_COMMENTS = YES;
				CLANG_WARN_EMPTY_BODY = YES;
				CLANG_WARN_ENUM_CONVERSION = YES;
				CLANG_WARN_INFINITE_RECURSION = YES;
				CLANG_WARN_INT_CONVERSION = YES;
				CLANG_WARN_NON_LITERAL_NULL_CONVERSION = YES;
				CLANG_WARN_OBJC_IMPLICIT_RETAIN_SELF = YES;
				CLANG_WARN_OBJC_LITERAL_CONVERSION = YES;
				CLANG_WARN_OBJC_ROOT_CLASS = YES_ERROR;
				CLANG_WARN_RANGE_LOOP_ANALYSIS = YES;
				CLANG_WARN_STRICT_PROTOTYPES = YES;
				CLANG_WARN_SUSPICIOUS_MOVE = YES;
				CLANG_WARN_UNGUARDED_AVAILABILITY = YES_AGGRESSIVE;
				CLANG_WARN_UNREACHABLE_CODE = YES;
				CLANG_WARN__DUPLICATE_METHOD_MATCH = YES;
				CODE_SIGN_IDENTITY = "iPhone Developer";
				COPY_PHASE_STRIP = NO;
				DEBUG_INFORMATION_FORMAT = dwarf;
				ENABLE_STRICT_OBJC_MSGSEND = YES;
				ENABLE_TESTABILITY = YES;
				GCC_C_LANGUAGE_STANDARD = gnu11;
				GCC_DYNAMIC_NO_PIC = NO;
				GCC_NO_COMMON_BLOCKS = YES;
				GCC_OPTIMIZATION_LEVEL = 0;
				GCC_PREPROCESSOR_DEFINITIONS = (
					"DEBUG=1",
					"$(inherited)",
				);
				GCC_WARN_64_TO_32_BIT_CONVERSION = YES;
				GCC_WARN_ABOUT_RETURN_TYPE = YES_ERROR;
				GCC_WARN_UNDECLARED_SELECTOR = YES;
				GCC_WARN_UNINITIALIZED_AUTOS = YES_AGGRESSIVE;
				GCC_WARN_UNUSED_FUNCTION = YES;
				GCC_WARN_UNUSED_VARIABLE = YES;
				IPHONEOS_DEPLOYMENT_TARGET = 12.1;
				MTL_ENABLE_DEBUG_INFO = INCLUDE_SOURCE;
				MTL_FAST_MATH = YES;
				ONLY_ACTIVE_ARCH = YES;
				SDKROOT = iphoneos;
				SWIFT_ACTIVE_COMPILATION_CONDITIONS = DEBUG;
				SWIFT_OPTIMIZATION_LEVEL = "-Onone";
			};
			name = Debug;
		};
		A9C6E7B921CE5FB30058F751 /* Release */ = {
			isa = XCBuildConfiguration;
			buildSettings = {
				ALWAYS_SEARCH_USER_PATHS = NO;
				CLANG_ANALYZER_NONNULL = YES;
				CLANG_ANALYZER_NUMBER_OBJECT_CONVERSION = YES_AGGRESSIVE;
				CLANG_CXX_LANGUAGE_STANDARD = "gnu++14";
				CLANG_CXX_LIBRARY = "libc++";
				CLANG_ENABLE_MODULES = YES;
				CLANG_ENABLE_OBJC_ARC = YES;
				CLANG_ENABLE_OBJC_WEAK = YES;
				CLANG_WARN_BLOCK_CAPTURE_AUTORELEASING = YES;
				CLANG_WARN_BOOL_CONVERSION = YES;
				CLANG_WARN_COMMA = YES;
				CLANG_WARN_CONSTANT_CONVERSION = YES;
				CLANG_WARN_DEPRECATED_OBJC_IMPLEMENTATIONS = YES;
				CLANG_WARN_DIRECT_OBJC_ISA_USAGE = YES_ERROR;
				CLANG_WARN_DOCUMENTATION_COMMENTS = YES;
				CLANG_WARN_EMPTY_BODY = YES;
				CLANG_WARN_ENUM_CONVERSION = YES;
				CLANG_WARN_INFINITE_RECURSION = YES;
				CLANG_WARN_INT_CONVERSION = YES;
				CLANG_WARN_NON_LITERAL_NULL_CONVERSION = YES;
				CLANG_WARN_OBJC_IMPLICIT_RETAIN_SELF = YES;
				CLANG_WARN_OBJC_LITERAL_CONVERSION = YES;
				CLANG_WARN_OBJC_ROOT_CLASS = YES_ERROR;
				CLANG_WARN_RANGE_LOOP_ANALYSIS = YES;
				CLANG_WARN_STRICT_PROTOTYPES = YES;
				CLANG_WARN_SUSPICIOUS_MOVE = YES;
				CLANG_WARN_UNGUARDED_AVAILABILITY = YES_AGGRESSIVE;
				CLANG_WARN_UNREACHABLE_CODE = YES;
				CLANG_WARN__DUPLICATE_METHOD_MATCH = YES;
				CODE_SIGN_IDENTITY = "iPhone Developer";
				COPY_PHASE_STRIP = NO;
				DEBUG_INFORMATION_FORMAT = "dwarf-with-dsym";
				ENABLE_NS_ASSERTIONS = NO;
				ENABLE_STRICT_OBJC_MSGSEND = YES;
				GCC_C_LANGUAGE_STANDARD = gnu11;
				GCC_NO_COMMON_BLOCKS = YES;
				GCC_WARN_64_TO_32_BIT_CONVERSION = YES;
				GCC_WARN_ABOUT_RETURN_TYPE = YES_ERROR;
				GCC_WARN_UNDECLARED_SELECTOR = YES;
				GCC_WARN_UNINITIALIZED_AUTOS = YES_AGGRESSIVE;
				GCC_WARN_UNUSED_FUNCTION = YES;
				GCC_WARN_UNUSED_VARIABLE = YES;
				IPHONEOS_DEPLOYMENT_TARGET = 12.1;
				MTL_ENABLE_DEBUG_INFO = NO;
				MTL_FAST_MATH = YES;
				SDKROOT = iphoneos;
				SWIFT_COMPILATION_MODE = wholemodule;
				SWIFT_OPTIMIZATION_LEVEL = "-O";
				VALIDATE_PRODUCT = YES;
			};
			name = Release;
		};
		A9C6E7BB21CE5FB30058F751 /* Debug */ = {
			isa = XCBuildConfiguration;
			buildSettings = {
				ASSETCATALOG_COMPILER_APPICON_NAME = AppIcon;
				CODE_SIGN_STYLE = Automatic;
				DEVELOPMENT_TEAM = 6CY67C4SQD;
				INFOPLIST_FILE = FlappyBird22/Info.plist;
				LD_RUNPATH_SEARCH_PATHS = (
					"$(inherited)",
					"@executable_path/Frameworks",
				);
				PRODUCT_BUNDLE_IDENTIFIER = Katherine.linw.FlappyBird22;
				PRODUCT_NAME = "$(TARGET_NAME)";
				SWIFT_VERSION = 4.2;
				TARGETED_DEVICE_FAMILY = "1,2";
			};
			name = Debug;
		};
		A9C6E7BC21CE5FB30058F751 /* Release */ = {
			isa = XCBuildConfiguration;
			buildSettings = {
				ASSETCATALOG_COMPILER_APPICON_NAME = AppIcon;
				CODE_SIGN_STYLE = Automatic;
				DEVELOPMENT_TEAM = 6CY67C4SQD;
				INFOPLIST_FILE = FlappyBird22/Info.plist;
				LD_RUNPATH_SEARCH_PATHS = (
					"$(inherited)",
					"@executable_path/Frameworks",
				);
				PRODUCT_BUNDLE_IDENTIFIER = Katherine.linw.FlappyBird22;
				PRODUCT_NAME = "$(TARGET_NAME)";
				SWIFT_VERSION = 4.2;
				TARGETED_DEVICE_FAMILY = "1,2";
			};
			name = Release;
		};
		A9C6E7BE21CE5FB30058F751 /* Debug */ = {
			isa = XCBuildConfiguration;
			buildSettings = {
				ALWAYS_EMBED_SWIFT_STANDARD_LIBRARIES = YES;
				BUNDLE_LOADER = "$(TEST_HOST)";
				CODE_SIGN_STYLE = Automatic;
				DEVELOPMENT_TEAM = 6CY67C4SQD;
				INFOPLIST_FILE = FlappyBird22Tests/Info.plist;
				LD_RUNPATH_SEARCH_PATHS = (
					"$(inherited)",
					"@executable_path/Frameworks",
					"@loader_path/Frameworks",
				);
				PRODUCT_BUNDLE_IDENTIFIER = Katherine.linw.FlappyBird22Tests;
				PRODUCT_NAME = "$(TARGET_NAME)";
				SWIFT_VERSION = 4.2;
				TARGETED_DEVICE_FAMILY = "1,2";
				TEST_HOST = "$(BUILT_PRODUCTS_DIR)/FlappyBird22.app/FlappyBird22";
			};
			name = Debug;
		};
		A9C6E7BF21CE5FB30058F751 /* Release */ = {
			isa = XCBuildConfiguration;
			buildSettings = {
				ALWAYS_EMBED_SWIFT_STANDARD_LIBRARIES = YES;
				BUNDLE_LOADER = "$(TEST_HOST)";
				CODE_SIGN_STYLE = Automatic;
				DEVELOPMENT_TEAM = 6CY67C4SQD;
				INFOPLIST_FILE = FlappyBird22Tests/Info.plist;
				LD_RUNPATH_SEARCH_PATHS = (
					"$(inherited)",
					"@executable_path/Frameworks",
					"@loader_path/Frameworks",
				);
				PRODUCT_BUNDLE_IDENTIFIER = Katherine.linw.FlappyBird22Tests;
				PRODUCT_NAME = "$(TARGET_NAME)";
				SWIFT_VERSION = 4.2;
				TARGETED_DEVICE_FAMILY = "1,2";
				TEST_HOST = "$(BUILT_PRODUCTS_DIR)/FlappyBird22.app/FlappyBird22";
			};
			name = Release;
		};
		A9C6E7C121CE5FB30058F751 /* Debug */ = {
			isa = XCBuildConfiguration;
			buildSettings = {
				ALWAYS_EMBED_SWIFT_STANDARD_LIBRARIES = YES;
				CODE_SIGN_STYLE = Automatic;
				DEVELOPMENT_TEAM = 6CY67C4SQD;
				INFOPLIST_FILE = FlappyBird22UITests/Info.plist;
				LD_RUNPATH_SEARCH_PATHS = (
					"$(inherited)",
					"@executable_path/Frameworks",
					"@loader_path/Frameworks",
				);
				PRODUCT_BUNDLE_IDENTIFIER = Katherine.linw.FlappyBird22UITests;
				PRODUCT_NAME = "$(TARGET_NAME)";
				SWIFT_VERSION = 4.2;
				TARGETED_DEVICE_FAMILY = "1,2";
				TEST_TARGET_NAME = FlappyBird22;
			};
			name = Debug;
		};
		A9C6E7C221CE5FB30058F751 /* Release */ = {
			isa = XCBuildConfiguration;
			buildSettings = {
				ALWAYS_EMBED_SWIFT_STANDARD_LIBRARIES = YES;
				CODE_SIGN_STYLE = Automatic;
				DEVELOPMENT_TEAM = 6CY67C4SQD;
				INFOPLIST_FILE = FlappyBird22UITests/Info.plist;
				LD_RUNPATH_SEARCH_PATHS = (
					"$(inherited)",
					"@executable_path/Frameworks",
					"@loader_path/Frameworks",
				);
				PRODUCT_BUNDLE_IDENTIFIER = Katherine.linw.FlappyBird22UITests;
				PRODUCT_NAME = "$(TARGET_NAME)";
				SWIFT_VERSION = 4.2;
				TARGETED_DEVICE_FAMILY = "1,2";
				TEST_TARGET_NAME = FlappyBird22;
			};
			name = Release;
		};
/* End XCBuildConfiguration section */

/* Begin XCConfigurationList section */
		A9C6E78721CE5FB00058F751 /* Build configuration list for PBXProject "FlappyBird22" */ = {
			isa = XCConfigurationList;
			buildConfigurations = (
				A9C6E7B821CE5FB30058F751 /* Debug */,
				A9C6E7B921CE5FB30058F751 /* Release */,
			);
			defaultConfigurationIsVisible = 0;
			defaultConfigurationName = Release;
		};
		A9C6E7BA21CE5FB30058F751 /* Build configuration list for PBXNativeTarget "FlappyBird22" */ = {
			isa = XCConfigurationList;
			buildConfigurations = (
				A9C6E7BB21CE5FB30058F751 /* Debug */,
				A9C6E7BC21CE5FB30058F751 /* Release */,
			);
			defaultConfigurationIsVisible = 0;
			defaultConfigurationName = Release;
		};
		A9C6E7BD21CE5FB30058F751 /* Build configuration list for PBXNativeTarget "FlappyBird22Tests" */ = {
			isa = XCConfigurationList;
			buildConfigurations = (
				A9C6E7BE21CE5FB30058F751 /* Debug */,
				A9C6E7BF21CE5FB30058F751 /* Release */,
			);
			defaultConfigurationIsVisible = 0;
			defaultConfigurationName = Release;
		};
		A9C6E7C021CE5FB30058F751 /* Build configuration list for PBXNativeTarget "FlappyBird22UITests" */ = {
			isa = XCConfigurationList;
			buildConfigurations = (
				A9C6E7C121CE5FB30058F751 /* Debug */,
				A9C6E7C221CE5FB30058F751 /* Release */,
			);
			defaultConfigurationIsVisible = 0;
			defaultConfigurationName = Release;
		};
/* End XCConfigurationList section */
	};
	rootObject = A9C6E78421CE5FB00058F751 /* Project object */;
}
